
Microsoft Visual Studio Solution File, Format Version 12.00
# Visual Studio 2012
Project("{FAE04EC0-301F-11D3-BF4B-00C04F79EFBC}") = "SpacePlanner", "SpacePlanner\SpacePlanner.csproj", "{7601ABA6-8D6A-461C-8DFA-3F1EA74F33A7}"
EndProject
Project("{FAE04EC0-301F-11D3-BF4B-00C04F79EFBC}") = "SpacePlanner.Tests", "SpacePlanner.Tests\SpacePlanner.Tests.csproj", "{040A9958-9780-4A47-8141-539D06F43B30}"
EndProject
Global
	GlobalSection(SolutionConfigurationPlatforms) = preSolution
		Debug|Any CPU = Debug|Any CPU
		Release|Any CPU = Release|Any CPU
	EndGlobalSection
	GlobalSection(ProjectConfigurationPlatforms) = postSolution
		{7601ABA6-8D6A-461C-8DFA-3F1EA74F33A7}.Debug|Any CPU.ActiveCfg = Debug|Any CPU
		{7601ABA6-8D6A-461C-8DFA-3F1EA74F33A7}.Debug|Any CPU.Build.0 = Debug|Any CPU
		{7601ABA6-8D6A-461C-8DFA-3F1EA74F33A7}.Release|Any CPU.ActiveCfg = Release|Any CPU
		{7601ABA6-8D6A-461C-8DFA-3F1EA74F33A7}.Release|Any CPU.Build.0 = Release|Any CPU
		{040A9958-9780-4A47-8141-539D06F43B30}.Debug|Any CPU.ActiveCfg = Debug|Any CPU
		{040A9958-9780-4A47-8141-539D06F43B30}.Debug|Any CPU.Build.0 = Debug|Any CPU
		{040A9958-9780-4A47-8141-539D06F43B30}.Release|Any CPU.ActiveCfg = Release|Any CPU
		{040A9958-9780-4A47-8141-539D06F43B30}.Release|Any CPU.Build.0 = Release|Any CPU
	EndGlobalSection
EndGlobal
